# This file is automatically @generated by Cargo.
# It is not intended for manual editing.
version = 4

[[package]]
name = "noargs"
version = "0.4.2"
source = "registry+https://github.com/rust-lang/crates.io-index"
checksum = "9e5dc223a8d69eaeb19c31218a69a55112fe79965764430f092532aed848f1b8"

[[package]]
name = "nojson"
version = "0.3.7"
source = "registry+https://github.com/rust-lang/crates.io-index"
checksum = "f04459ec5e667063406c9155f199d9628e1f791a2f27c0bc58165a8716e89b86"

[[package]]
name = "siru"
version = "0.1.0"
dependencies = [
 "noargs",
 "nojson",
]
